github.com/Omrrrr89/funtemps v0.0.0-20230220110944-0cf5334aeeca h1:eQZcYBet3QMcbdl3OcN9UIagp8ob5DmqprhL2O6ULAI=
github.com/Omrrrr89/funtemps v0.0.0-20230220110944-0cf5334aeeca/go.mod h1:ZtwR0QftmMIwzmVYLIz87MNCo7XKHPFFChrkA/7rHxo=
github.com/Omrrrr89/is105sem03 v0.0.0-20230420212212-c480759c3808 h1:iNbGqyC6ei5XAexWtuFovJx6DXc11RCxZbz9zduQ5FQ=
github.com/Omrrrr89/is105sem03 v0.0.0-20230420212212-c480759c3808/go.mod h1:aCKOIdV+0PSrG9Nxv0Zjm2ipAv7Ft/K0E0t0RS94Evs=
